{
  "version": 4,
  "terraform_version": "1.1.7",
  "serial": 317,
  "lineage": "3be05a94-9621-3416-fe9b-1a13f3b3d8be",
  "outputs": {
    "project_key": {
      "value": "b008c327-b3d4-49be-9661-4fa920f3b188",
      "type": "string"
    }
  },
  "resources": [
    {
      "mode": "data",
      "type": "oci_dataintegration_workspace_folders",
      "name": "dis_workspace_folders",
      "provider": "provider[\"registry.terraform.io/oracle/oci\"]",
      "instances": [
        {
          "schema_version": 0,
          "attributes": {
            "aggregator_key": "DataintegrationWorkspaceProjectsDataSource-996011935",
            "fields": null,
            "filter": null,
            "folder_summary_collection": [
              {
                "items": []
              }
            ],
            "id": "DataintegrationWorkspaceFoldersDataSource-705461315",
            "identifier": null,
            "name": null,
            "name_contains": null,
            "workspace_id": "ocid1.disworkspace.oc1.phx.anyhqljr2ow634yaacz7pccq27oiax7o5iqaw4cexbkir4owhxrfluoppjta"
          },
          "sensitive_attributes": []
        }
      ]
    },
    {
      "mode": "data",
      "type": "oci_dataintegration_workspace_projects",
      "name": "dis_workspace_projects",
      "provider": "provider[\"registry.terraform.io/oracle/oci\"]",
      "instances": [
        {
          "schema_version": 0,
          "attributes": {
            "fields": null,
            "filter": null,
            "id": "DataintegrationWorkspaceProjectsDataSource-996011935",
            "identifier": null,
            "name": null,
            "name_contains": null,
            "project_summary_collection": [
              {
                "items": [
                  {
                    "description": "This is a seeded project",
                    "identifier": "MY_FIRST_PROJECT",
                    "key": "0966006e-d6af-4bac-8f4b-b56ce7433698",
                    "key_map": {},
                    "metadata": [
                      {
                        "aggregator": [],
                        "aggregator_key": "",
                        "count_statistics": [],
                        "created_by": "SYSTEM",
                        "created_by_name": "SYSTEM",
                        "identifier_path": "",
                        "info_fields": {},
                        "is_favorite": false,
                        "labels": [],
                        "registry_version": 1,
                        "time_created": "2023-06-22 12:22:54.93 +0000 UTC",
                        "time_updated": "2023-06-22 12:22:54.93 +0000 UTC",
                        "updated_by": "SYSTEM",
                        "updated_by_name": "SYSTEM"
                      }
                    ],
                    "model_type": "USER_PROJECT",
                    "model_version": "20200901",
                    "name": "My First Project",
                    "object_status": 8,
                    "object_version": 2,
                    "parent_ref": [],
                    "project_key": "",
                    "registry_metadata": [],
                    "workspace_id": ""
                  }
                ]
              }
            ],
            "workspace_id": "ocid1.disworkspace.oc1.phx.anyhqljr2ow634yaacz7pccq27oiax7o5iqaw4cexbkir4owhxrfluoppjta"
          },
          "sensitive_attributes": []
        }
      ]
    },
    {
      "mode": "data",
      "type": "oci_identity_region_subscriptions",
      "name": "home_region_subscriptions",
      "provider": "provider[\"registry.terraform.io/oracle/oci\"]",
      "instances": [
        {
          "schema_version": 0,
          "attributes": {
            "filter": [
              {
                "name": "is_home_region",
                "regex": false,
                "values": [
                  "true"
                ]
              }
            ],
            "id": "IdentityRegionSubscriptionsDataSource-3011020854",
            "region_subscriptions": [
              {
                "is_home_region": true,
                "region_key": "IAD",
                "region_name": "us-ashburn-1",
                "state": "READY",
                "tenancy_id": ""
              }
            ],
            "tenancy_id": "ocid1.tenancy.oc1..aaaaaaaaup57adj4trkvb2sbt74qpzfavjmmcrjs47lppuylsg4ux3vpx32q"
          },
          "sensitive_attributes": []
        }
      ]
    },
    {
      "mode": "data",
      "type": "oci_identity_regions",
      "name": "oci_regions",
      "provider": "provider[\"registry.terraform.io/oracle/oci\"]",
      "instances": [
        {
          "schema_version": 0,
          "attributes": {
            "filter": [
              {
                "name": "name",
                "regex": false,
                "values": [
                  "us-phoenix-1"
                ]
              }
            ],
            "id": "IdentityRegionsDataSource-0",
            "regions": [
              {
                "key": "PHX",
                "name": "us-phoenix-1"
              }
            ]
          },
          "sensitive_attributes": []
        }
      ]
    },
    {
      "mode": "data",
      "type": "oci_identity_tenancy",
      "name": "oci_tenancy",
      "provider": "provider[\"registry.terraform.io/oracle/oci\"]",
      "instances": [
        {
          "schema_version": 0,
          "attributes": {
            "defined_tags": {
              "OracleInternalReserved.CostCenter": "607575",
              "OracleInternalReserved.OwnerEmail": "ravi.porandla@oracle.com",
              "OracleInternalReserved.Phonebook": "data_integration_service",
              "OracleInternalReserved.ServiceType": "IaaS",
              "OracleInternalReserved.UsageType": "development"
            },
            "description": "dipcdevtest",
            "freeform_tags": {},
            "home_region_key": "IAD",
            "id": "ocid1.tenancy.oc1..aaaaaaaaup57adj4trkvb2sbt74qpzfavjmmcrjs47lppuylsg4ux3vpx32q",
            "name": "dipcdevtest",
            "tenancy_id": "ocid1.tenancy.oc1..aaaaaaaaup57adj4trkvb2sbt74qpzfavjmmcrjs47lppuylsg4ux3vpx32q",
            "upi_idcs_compatibility_layer_endpoint": null
          },
          "sensitive_attributes": []
        }
      ]
    },
    {
      "mode": "data",
      "type": "oci_objectstorage_namespace",
      "name": "test_namespace",
      "provider": "provider[\"registry.terraform.io/oracle/oci\"]",
      "instances": [
        {
          "schema_version": 0,
          "attributes": {
            "compartment_id": "ocid1.tenancy.oc1..aaaaaaaaup57adj4trkvb2sbt74qpzfavjmmcrjs47lppuylsg4ux3vpx32q",
            "id": "ObjectStorageNamespaceDataSource-3011020854",
            "namespace": "dipcdevtest"
          },
          "sensitive_attributes": []
        }
      ]
    },
    {
      "mode": "managed",
      "type": "null_resource",
      "name": "get_dis_template_keys",
      "provider": "provider[\"registry.terraform.io/hashicorp/null\"]",
      "instances": [
        {
          "schema_version": 0,
          "attributes": {
            "id": "7577594859313735816",
            "triggers": {
              "template_file": "./metadata/dis_templates1.json"
            }
          },
          "sensitive_attributes": [],
          "dependencies": [
            "oci_dataintegration_workspace.dis_workspace",
            "oci_dataintegration_workspace_project.dis_workspace_project"
          ]
        }
      ]
    },
    {
      "mode": "managed",
      "type": "null_resource",
      "name": "load_templates",
      "provider": "provider[\"registry.terraform.io/hashicorp/null\"]",
      "instances": [
        {
          "schema_version": 0,
          "attributes": {
            "id": "3493576687955338450",
            "triggers": null
          },
          "sensitive_attributes": [],
          "dependencies": [
            "null_resource.get_dis_template_keys",
            "oci_dataintegration_workspace.dis_workspace",
            "oci_dataintegration_workspace_project.dis_workspace_project"
          ]
        }
      ]
    },
    {
      "mode": "managed",
      "type": "oci_dataintegration_workspace",
      "name": "dis_workspace",
      "provider": "provider[\"registry.terraform.io/oracle/oci\"]",
      "instances": [
        {
          "schema_version": 0,
          "attributes": {
            "compartment_id": "ocid1.compartment.oc1..aaaaaaaaoi3mtutwao7sjpa3n5ikf3ddjpm5gocarquawsyjwyykmktajfda",
            "defined_tags": {
              "Oracle-Tags.CreatedBy": "dis_template_user",
              "Oracle-Tags.CreatedOn": "2023-06-22T16:58:15.386Z"
            },
            "description": null,
            "display_name": "DIS Reference Architecture v0.1",
            "dns_server_ip": null,
            "dns_server_zone": null,
            "endpoint_compartment_id": null,
            "endpoint_id": null,
            "endpoint_name": null,
            "freeform_tags": {},
            "id": "ocid1.disworkspace.oc1.phx.anyhqljr2ow634yaacz7pccq27oiax7o5iqaw4cexbkir4owhxrfluoppjta",
            "is_force_operation": null,
            "is_private_network_enabled": true,
            "quiesce_timeout": null,
            "registry_compartment_id": null,
            "registry_id": null,
            "registry_name": null,
            "state": "ACTIVE",
            "state_message": "Container Creation Succeeded",
            "subnet_id": "ocid1.subnet.oc1.phx.aaaaaaaa65lpvynxa2glykugvwia6ifkdkjtj3kayy5getgmhfzdkpezrygq",
            "time_created": "2023-06-22 16:58:17.509 +0000 UTC",
            "time_updated": "2023-06-22 17:08:39.641 +0000 UTC",
            "timeouts": null,
            "vcn_id": "ocid1.vcn.oc1.phx.amaaaaaaesar5xqaxbv72xcsampxlgvnk5ch6ymyr7iy2tcpyn7ulyvjsoaq"
          },
          "sensitive_attributes": [],
          "private": "eyJlMmJmYjczMC1lY2FhLTExZTYtOGY4OC0zNDM2M2JjN2M0YzAiOnsiY3JlYXRlIjozNjAwMDAwMDAwMDAwLCJkZWxldGUiOjM2MDAwMDAwMDAwMDAsInVwZGF0ZSI6MzYwMDAwMDAwMDAwMH19"
        }
      ]
    },
    {
      "mode": "managed",
      "type": "oci_dataintegration_workspace_folder",
      "name": "dis_workspace_folder",
      "provider": "provider[\"registry.terraform.io/oracle/oci\"]",
      "instances": [
        {
          "schema_version": 0,
          "attributes": {
            "category_name": null,
            "description": null,
            "folder_key": "67f2bfd6-554e-4ce9-921b-d193b0dc6476",
            "id": "workspaces/ocid1.disworkspace.oc1.phx.anyhqljr2ow634yaacz7pccq27oiax7o5iqaw4cexbkir4owhxrfluoppjta/folders/67f2bfd6-554e-4ce9-921b-d193b0dc6476",
            "identifier": "REFERENCE_PROJECT",
            "key": "67f2bfd6-554e-4ce9-921b-d193b0dc6476",
            "key_map": {
              "d1a8dec6-5a7b-48cc-a490-c2558929724e": "67f2bfd6-554e-4ce9-921b-d193b0dc6476"
            },
            "metadata": [
              {
                "aggregator": [],
                "aggregator_key": "b008c327-b3d4-49be-9661-4fa920f3b188",
                "count_statistics": [],
                "created_by": "ocid1.user.oc1..aaaaaaaacxnehkeqep5pzck6asd3i7hveeeno3okharepi62myzq5xqpunuq",
                "created_by_name": "dis_template_user",
                "identifier_path": "",
                "info_fields": {},
                "is_favorite": false,
                "labels": [],
                "registry_version": 1,
                "time_created": "2023-06-22 17:08:46.839 +0000 UTC",
                "time_updated": "2023-06-22 17:08:46.839 +0000 UTC",
                "updated_by": "ocid1.user.oc1..aaaaaaaacxnehkeqep5pzck6asd3i7hveeeno3okharepi62myzq5xqpunuq",
                "updated_by_name": "dis_template_user"
              }
            ],
            "model_type": "FOLDER",
            "model_version": "20220713",
            "name": "Reference Project",
            "object_status": 8,
            "object_version": 1,
            "parent_ref": [],
            "registry_metadata": [
              {
                "aggregator_key": "b008c327-b3d4-49be-9661-4fa920f3b188",
                "is_favorite": false,
                "key": "",
                "labels": [],
                "registry_version": 0
              }
            ],
            "timeouts": null,
            "workspace_id": "ocid1.disworkspace.oc1.phx.anyhqljr2ow634yaacz7pccq27oiax7o5iqaw4cexbkir4owhxrfluoppjta"
          },
          "sensitive_attributes": [],
          "private": "eyJlMmJmYjczMC1lY2FhLTExZTYtOGY4OC0zNDM2M2JjN2M0YzAiOnsiY3JlYXRlIjoxMjAwMDAwMDAwMDAwLCJkZWxldGUiOjEyMDAwMDAwMDAwMDAsInVwZGF0ZSI6MTIwMDAwMDAwMDAwMH19",
          "dependencies": [
            "oci_dataintegration_workspace.dis_workspace",
            "oci_dataintegration_workspace_project.dis_workspace_project"
          ]
        }
      ]
    },
    {
      "mode": "managed",
      "type": "oci_dataintegration_workspace_project",
      "name": "dis_workspace_project",
      "provider": "provider[\"registry.terraform.io/oracle/oci\"]",
      "instances": [
        {
          "schema_version": 0,
          "attributes": {
            "description": "Terraform Deployment",
            "id": "workspaces/ocid1.disworkspace.oc1.phx.anyhqljr2ow634yaacz7pccq27oiax7o5iqaw4cexbkir4owhxrfluoppjta/projects/b008c327-b3d4-49be-9661-4fa920f3b188",
            "identifier": "TEMPLATES_DEVELOPMENT",
            "key": "b008c327-b3d4-49be-9661-4fa920f3b188",
            "key_map": {
              "b709a526-8791-4e5e-a259-93cc9d63841d": "b008c327-b3d4-49be-9661-4fa920f3b188"
            },
            "metadata": [
              {
                "aggregator": [],
                "aggregator_key": "",
                "count_statistics": [],
                "created_by": "ocid1.user.oc1..aaaaaaaacxnehkeqep5pzck6asd3i7hveeeno3okharepi62myzq5xqpunuq",
                "created_by_name": "dis_template_user",
                "identifier_path": "",
                "info_fields": {},
                "is_favorite": false,
                "labels": [],
                "registry_version": 1,
                "time_created": "2023-06-22 17:08:46.159 +0000 UTC",
                "time_updated": "2023-06-22 17:08:46.159 +0000 UTC",
                "updated_by": "ocid1.user.oc1..aaaaaaaacxnehkeqep5pzck6asd3i7hveeeno3okharepi62myzq5xqpunuq",
                "updated_by_name": "dis_template_user"
              }
            ],
            "model_type": "USER_PROJECT",
            "model_version": "20200901",
            "name": "Templates Development",
            "object_status": 8,
            "object_version": 1,
            "parent_ref": [],
            "project_key": "b008c327-b3d4-49be-9661-4fa920f3b188",
            "registry_metadata": null,
            "timeouts": null,
            "workspace_id": "ocid1.disworkspace.oc1.phx.anyhqljr2ow634yaacz7pccq27oiax7o5iqaw4cexbkir4owhxrfluoppjta"
          },
          "sensitive_attributes": [],
          "private": "eyJlMmJmYjczMC1lY2FhLTExZTYtOGY4OC0zNDM2M2JjN2M0YzAiOnsiY3JlYXRlIjoxMjAwMDAwMDAwMDAwLCJkZWxldGUiOjEyMDAwMDAwMDAwMDAsInVwZGF0ZSI6MTIwMDAwMDAwMDAwMH19",
          "dependencies": [
            "oci_dataintegration_workspace.dis_workspace"
          ]
        }
      ]
    },
    {
      "mode": "managed",
      "type": "oci_identity_policy",
      "name": "DISADB",
      "provider": "provider[\"registry.terraform.io/oracle/oci\"].homeregion",
      "instances": [
        {
          "schema_version": 0,
          "attributes": {
            "ETag": "b1b8554c3ec8f18860991f10767ce29c0e85eda6",
            "compartment_id": "ocid1.tenancy.oc1..aaaaaaaaup57adj4trkvb2sbt74qpzfavjmmcrjs47lppuylsg4ux3vpx32q",
            "defined_tags": {
              "Oracle-Tags.CreatedBy": "dis_template_user",
              "Oracle-Tags.CreatedOn": "2023-06-22T17:08:48.106Z"
            },
            "description": "DISADB-374d",
            "freeform_tags": {},
            "id": "ocid1.policy.oc1..aaaaaaaatpw26pkky4o7dj72ntfwywd4zuigxskjrzs3vouqocmh4e4qzbmq",
            "inactive_state": null,
            "lastUpdateETag": "b1b8554c3ec8f18860991f10767ce29c0e85eda6",
            "name": "DISADB-374d",
            "policyHash": "c092e30886ddde31519293804125b75b",
            "state": "ACTIVE",
            "statements": [
              "allow any-user to manage buckets in compartment id ocid1.compartment.oc1..aaaaaaaaoi3mtutwao7sjpa3n5ikf3ddjpm5gocarquawsyjwyykmktajfda where ALL {request.principal.type = 'disworkspace', request.principal.id = ocid1.disworkspace.oc1.phx.anyhqljr2ow634yaacz7pccq27oiax7o5iqaw4cexbkir4owhxrfluoppjta, request.permission = 'PAR_MANAGE'}"
            ],
            "time_created": "2023-06-22 17:08:48.13 +0000 UTC",
            "timeouts": null,
            "version_date": null
          },
          "sensitive_attributes": [],
          "private": "eyJlMmJmYjczMC1lY2FhLTExZTYtOGY4OC0zNDM2M2JjN2M0YzAiOnsiY3JlYXRlIjoxMjAwMDAwMDAwMDAwLCJkZWxldGUiOjEyMDAwMDAwMDAwMDAsInVwZGF0ZSI6MTIwMDAwMDAwMDAwMH19",
          "dependencies": [
            "data.oci_identity_region_subscriptions.home_region_subscriptions",
            "oci_dataintegration_workspace.dis_workspace",
            "oci_dataintegration_workspace_project.dis_workspace_project",
            "random_id.tag"
          ]
        }
      ]
    },
    {
      "mode": "managed",
      "type": "oci_identity_policy",
      "name": "DISNetworkAccessPolicy",
      "provider": "provider[\"registry.terraform.io/oracle/oci\"].homeregion",
      "instances": [
        {
          "schema_version": 0,
          "attributes": {
            "ETag": "a4a02433fc6bbcc94f9195d18ba9a57dcb3cb061",
            "compartment_id": "ocid1.tenancy.oc1..aaaaaaaaup57adj4trkvb2sbt74qpzfavjmmcrjs47lppuylsg4ux3vpx32q",
            "defined_tags": {
              "Oracle-Tags.CreatedBy": "dis_template_user",
              "Oracle-Tags.CreatedOn": "2023-06-22T16:58:15.518Z"
            },
            "description": "DISManageNetworkAccessPolicy-374d",
            "freeform_tags": {},
            "id": "ocid1.policy.oc1..aaaaaaaan7fcqmxkkhgzxi62rbwqf4xgixtgmiamjbawlrcnjc3hgznva5cq",
            "inactive_state": null,
            "lastUpdateETag": "a4a02433fc6bbcc94f9195d18ba9a57dcb3cb061",
            "name": "DISManageNetworkAccessPolicy-374d",
            "policyHash": "c5f56cbc891697efe8939fe061e7092b",
            "state": "ACTIVE",
            "statements": [
              "Allow service dataintegration to use virtual-network-family in tenancy"
            ],
            "time_created": "2023-06-22 16:58:15.623 +0000 UTC",
            "timeouts": null,
            "version_date": null
          },
          "sensitive_attributes": [],
          "private": "eyJlMmJmYjczMC1lY2FhLTExZTYtOGY4OC0zNDM2M2JjN2M0YzAiOnsiY3JlYXRlIjoxMjAwMDAwMDAwMDAwLCJkZWxldGUiOjEyMDAwMDAwMDAwMDAsInVwZGF0ZSI6MTIwMDAwMDAwMDAwMH19",
          "dependencies": [
            "data.oci_identity_region_subscriptions.home_region_subscriptions",
            "random_id.tag"
          ]
        }
      ]
    },
    {
      "mode": "managed",
      "type": "oci_identity_policy",
      "name": "DISVault",
      "provider": "provider[\"registry.terraform.io/oracle/oci\"].homeregion",
      "instances": [
        {
          "schema_version": 0,
          "attributes": {
            "ETag": "3d0cf2212773ba7d9df478026ca85740e6348312",
            "compartment_id": "ocid1.tenancy.oc1..aaaaaaaaup57adj4trkvb2sbt74qpzfavjmmcrjs47lppuylsg4ux3vpx32q",
            "defined_tags": {
              "Oracle-Tags.CreatedBy": "dis_template_user",
              "Oracle-Tags.CreatedOn": "2023-06-22T17:08:48.307Z"
            },
            "description": "DISVault-374d",
            "freeform_tags": {},
            "id": "ocid1.policy.oc1..aaaaaaaaxkg7sfpctyzoph3as633a6v763o2q3vdbjqhc3yjz3atmwvazq4a",
            "inactive_state": null,
            "lastUpdateETag": "3d0cf2212773ba7d9df478026ca85740e6348312",
            "name": "DISVault-374d",
            "policyHash": "61f37569d0604645369fdf9e2a5cef6a",
            "state": "ACTIVE",
            "statements": [
              "allow any-user to read secret-bundles in compartment id ocid1.compartment.oc1..aaaaaaaaoi3mtutwao7sjpa3n5ikf3ddjpm5gocarquawsyjwyykmktajfda  where ALL {request.principal.type = 'disworkspace', request.principal.id = ocid1.disworkspace.oc1.phx.anyhqljr2ow634yaacz7pccq27oiax7o5iqaw4cexbkir4owhxrfluoppjta}"
            ],
            "time_created": "2023-06-22 17:08:48.333 +0000 UTC",
            "timeouts": null,
            "version_date": null
          },
          "sensitive_attributes": [],
          "private": "eyJlMmJmYjczMC1lY2FhLTExZTYtOGY4OC0zNDM2M2JjN2M0YzAiOnsiY3JlYXRlIjoxMjAwMDAwMDAwMDAwLCJkZWxldGUiOjEyMDAwMDAwMDAwMDAsInVwZGF0ZSI6MTIwMDAwMDAwMDAwMH19",
          "dependencies": [
            "data.oci_identity_region_subscriptions.home_region_subscriptions",
            "oci_dataintegration_workspace.dis_workspace",
            "oci_dataintegration_workspace_project.dis_workspace_project",
            "random_id.tag"
          ]
        }
      ]
    },
    {
      "mode": "managed",
      "type": "oci_identity_policy",
      "name": "DISWorkspaceManageAccessPolicy",
      "provider": "provider[\"registry.terraform.io/oracle/oci\"].homeregion",
      "instances": [
        {
          "schema_version": 0,
          "attributes": {
            "ETag": "472ebe078d0cfacd63e965f44d471fbf1b2822fa",
            "compartment_id": "ocid1.compartment.oc1..aaaaaaaaoi3mtutwao7sjpa3n5ikf3ddjpm5gocarquawsyjwyykmktajfda",
            "defined_tags": {
              "Oracle-Tags.CreatedBy": "dis_template_user",
              "Oracle-Tags.CreatedOn": "2023-06-22T16:58:15.521Z"
            },
            "description": "DISWorkspaceManageAccessPolicy-374d",
            "freeform_tags": {},
            "id": "ocid1.policy.oc1..aaaaaaaadkz6lr3vn226hkhetyllez5m4rz2e2oqrfvy4n4ngiatrjqwij6q",
            "inactive_state": null,
            "lastUpdateETag": "472ebe078d0cfacd63e965f44d471fbf1b2822fa",
            "name": "DISWorkspaceManageAccessPolicy-374d",
            "policyHash": "c527b8fe2279fb67b5295be9b8c26ba4",
            "state": "ACTIVE",
            "statements": [
              "Allow group Administrators to manage dis-workspaces in compartment id ocid1.compartment.oc1..aaaaaaaaoi3mtutwao7sjpa3n5ikf3ddjpm5gocarquawsyjwyykmktajfda",
              "Allow group Administrators to read metrics in compartment id ocid1.compartment.oc1..aaaaaaaaoi3mtutwao7sjpa3n5ikf3ddjpm5gocarquawsyjwyykmktajfda"
            ],
            "time_created": "2023-06-22 16:58:15.56 +0000 UTC",
            "timeouts": null,
            "version_date": null
          },
          "sensitive_attributes": [],
          "private": "eyJlMmJmYjczMC1lY2FhLTExZTYtOGY4OC0zNDM2M2JjN2M0YzAiOnsiY3JlYXRlIjoxMjAwMDAwMDAwMDAwLCJkZWxldGUiOjEyMDAwMDAwMDAwMDAsInVwZGF0ZSI6MTIwMDAwMDAwMDAwMH19",
          "dependencies": [
            "data.oci_identity_region_subscriptions.home_region_subscriptions",
            "random_id.tag"
          ]
        }
      ]
    },
    {
      "mode": "managed",
      "type": "oci_identity_policy",
      "name": "DIS_Templates",
      "provider": "provider[\"registry.terraform.io/oracle/oci\"].homeregion",
      "instances": []
    },
    {
      "mode": "managed",
      "type": "oci_identity_tag",
      "name": "ArchitectureCenterTag",
      "provider": "provider[\"registry.terraform.io/oracle/oci\"].homeregion",
      "instances": [
        {
          "schema_version": 0,
          "attributes": {
            "defined_tags": {
              "Oracle-Tags.CreatedBy": "dis_template_user",
              "Oracle-Tags.CreatedOn": "2023-06-22T16:58:26.652Z"
            },
            "description": "ArchitectureCenterTag",
            "freeform_tags": {},
            "id": "ocid1.tagdefinition.oc1..aaaaaaaanlsbcegaspnjl3mqw6ejdbherlpg5piedjsw7umfmdebl6rhw7yq",
            "is_cost_tracking": false,
            "is_retired": false,
            "name": "release",
            "state": "ACTIVE",
            "tag_namespace_id": "ocid1.tagnamespace.oc1..aaaaaaaagdl2fkr44vqzwvu26ht5bxnywjufkedmcjxzeecpps5dnsvxpcaa",
            "time_created": "2023-06-22 16:58:26.871 +0000 UTC",
            "timeouts": null,
            "validator": [
              {
                "validator_type": "ENUM",
                "values": [
                  "release",
                  "1.0.0"
                ]
              }
            ]
          },
          "sensitive_attributes": [],
          "private": "eyJlMmJmYjczMC1lY2FhLTExZTYtOGY4OC0zNDM2M2JjN2M0YzAiOnsiY3JlYXRlIjo5MDAwMDAwMDAwMDAsImRlbGV0ZSI6NDMyMDAwMDAwMDAwMDAsInVwZGF0ZSI6OTAwMDAwMDAwMDAwfX0=",
          "dependencies": [
            "data.oci_identity_region_subscriptions.home_region_subscriptions",
            "oci_identity_tag_namespace.ArchitectureCenterTagNamespace",
            "random_id.tag"
          ]
        }
      ]
    },
    {
      "mode": "managed",
      "type": "oci_identity_tag_namespace",
      "name": "ArchitectureCenterTagNamespace",
      "provider": "provider[\"registry.terraform.io/oracle/oci\"].homeregion",
      "instances": [
        {
          "schema_version": 0,
          "attributes": {
            "compartment_id": "ocid1.compartment.oc1..aaaaaaaaoi3mtutwao7sjpa3n5ikf3ddjpm5gocarquawsyjwyykmktajfda",
            "defined_tags": {
              "Oracle-Tags.CreatedBy": "dis_template_user",
              "Oracle-Tags.CreatedOn": "2023-06-22T16:58:15.515Z"
            },
            "description": "ArchitectureCenterTagNamespace",
            "freeform_tags": {},
            "id": "ocid1.tagnamespace.oc1..aaaaaaaagdl2fkr44vqzwvu26ht5bxnywjufkedmcjxzeecpps5dnsvxpcaa",
            "is_retired": false,
            "name": "ArchitectureCenter\\serverless-dataload-adw-374d",
            "state": "ACTIVE",
            "time_created": "2023-06-22 16:58:15.658 +0000 UTC",
            "timeouts": null
          },
          "sensitive_attributes": [],
          "private": "eyJlMmJmYjczMC1lY2FhLTExZTYtOGY4OC0zNDM2M2JjN2M0YzAiOnsiY3JlYXRlIjoxMjAwMDAwMDAwMDAwLCJkZWxldGUiOjEyMDAwMDAwMDAwMDAsInVwZGF0ZSI6MTIwMDAwMDAwMDAwMH19",
          "dependencies": [
            "data.oci_identity_region_subscriptions.home_region_subscriptions",
            "random_id.tag"
          ]
        }
      ]
    },
    {
      "mode": "managed",
      "type": "random_id",
      "name": "tag",
      "provider": "provider[\"registry.terraform.io/hashicorp/random\"]",
      "instances": [
        {
          "schema_version": 0,
          "attributes": {
            "b64_std": "N00=",
            "b64_url": "N00",
            "byte_length": 2,
            "dec": "14157",
            "hex": "374d",
            "id": "N00",
            "keepers": null,
            "prefix": null
          },
          "sensitive_attributes": []
        }
      ]
    }
  ]
}
